{
  "name": "personal-site",
  "lockfileVersion": 2,
  "requires": true,
  "packages": {
    "": {
      "dependencies": {
        "sass-migrator": "^1.7.3"
      }
    },
    "node_modules/sass-migrator": {
      "version": "1.7.3",
      "resolved": "https://registry.npmjs.org/sass-migrator/-/sass-migrator-1.7.3.tgz",
      "integrity": "sha512-8JMZ15HMvjE8X3i1NhPu2GQzEIT74xrGACq6J9RzdbJ49N1Fl0lFvfX03+hAQN0MKNYKASq6fx1VZLa5NuwBWw==",
      "bin": {
        "sass-migrator": "sass-migrator.js"
      },
      "engines": {
        "node": ">=10.12.0"
      }
    }
  },
  "dependencies": {
    "sass-migrator": {
      "version": "1.7.3",
      "resolved": "https://registry.npmjs.org/sass-migrator/-/sass-migrator-1.7.3.tgz",
      "integrity": "sha512-8JMZ15HMvjE8X3i1NhPu2GQzEIT74xrGACq6J9RzdbJ49N1Fl0lFvfX03+hAQN0MKNYKASq6fx1VZLa5NuwBWw=="
    }
  }
}
